
Microsoft Visual Studio Solution File, Format Version 12.00
# Visual Studio Version 17
VisualStudioVersion = 17.2.32602.215
MinimumVisualStudioVersion = 10.0.40219.1
Project("{8BC9CEB8-8B4A-11D0-8D11-00A0C91BC942}") = "BOJ_1358", "BOJ_1358.vcxproj", "{841E08D1-728D-46D3-B04F-B37E6D195FB9}"
EndProject
Global
	GlobalSection(SolutionConfigurationPlatforms) = preSolution
		Debug|x64 = Debug|x64
		Release|x64 = Release|x64
	EndGlobalSection
	GlobalSection(ProjectConfigurationPlatforms) = postSolution
		{841E08D1-728D-46D3-B04F-B37E6D195FB9}.Debug|x64.ActiveCfg = Debug|x64
		{841E08D1-728D-46D3-B04F-B37E6D195FB9}.Debug|x64.Build.0 = Debug|x64
		{841E08D1-728D-46D3-B04F-B37E6D195FB9}.Release|x64.ActiveCfg = Release|x64
		{841E08D1-728D-46D3-B04F-B37E6D195FB9}.Release|x64.Build.0 = Release|x64
	EndGlobalSection
	GlobalSection(SolutionProperties) = preSolution
		HideSolutionNode = FALSE
	EndGlobalSection
	GlobalSection(ExtensibilityGlobals) = postSolution
		SolutionGuid = {4B2660E5-227F-4F5B-98DA-876DA03D81E3}
	EndGlobalSection
EndGlobal
